
Microsoft Visual Studio Solution File, Format Version 12.00
# Visual Studio Version 17
VisualStudioVersion = 17.11.35312.102
MinimumVisualStudioVersion = 10.0.40219.1
Project("{FAE04EC0-301F-11D3-BF4B-00C04F79EFBC}") = "WebAPITVShows", "WebAPITVShows\WebAPITVShows.csproj", "{3E13990D-C870-488A-9159-8C58027B247B}"
EndProject
Global
	GlobalSection(SolutionConfigurationPlatforms) = preSolution
		Debug|Any CPU = Debug|Any CPU
		Release|Any CPU = Release|Any CPU
	EndGlobalSection
	GlobalSection(ProjectConfigurationPlatforms) = postSolution
		{3E13990D-C870-488A-9159-8C58027B247B}.Debug|Any CPU.ActiveCfg = Debug|Any CPU
		{3E13990D-C870-488A-9159-8C58027B247B}.Debug|Any CPU.Build.0 = Debug|Any CPU
		{3E13990D-C870-488A-9159-8C58027B247B}.Release|Any CPU.ActiveCfg = Release|Any CPU
		{3E13990D-C870-488A-9159-8C58027B247B}.Release|Any CPU.Build.0 = Release|Any CPU
	EndGlobalSection
	GlobalSection(SolutionProperties) = preSolution
		HideSolutionNode = FALSE
	EndGlobalSection
	GlobalSection(ExtensibilityGlobals) = postSolution
		SolutionGuid = {AAFBE743-9199-4CFD-8B1A-35E9DA599B25}
	EndGlobalSection
EndGlobal
